
Microsoft Visual Studio Solution File, Format Version 12.00
# Visual Studio Version 17
VisualStudioVersion = 17.10.35122.118
MinimumVisualStudioVersion = 10.0.40219.1
Project("{F184B08F-C81C-45F6-A57F-5ABD9991F28F}") = "Week2_ISC", "Week2_ISC\Week2_ISC.vbproj", "{9FD18325-7B7D-48BB-AE42-56A0F6C90042}"
EndProject
Global
	GlobalSection(SolutionConfigurationPlatforms) = preSolution
		Debug|Any CPU = Debug|Any CPU
		Release|Any CPU = Release|Any CPU
	EndGlobalSection
	GlobalSection(ProjectConfigurationPlatforms) = postSolution
		{9FD18325-7B7D-48BB-AE42-56A0F6C90042}.Debug|Any CPU.ActiveCfg = Debug|Any CPU
		{9FD18325-7B7D-48BB-AE42-56A0F6C90042}.Debug|Any CPU.Build.0 = Debug|Any CPU
		{9FD18325-7B7D-48BB-AE42-56A0F6C90042}.Release|Any CPU.ActiveCfg = Release|Any CPU
		{9FD18325-7B7D-48BB-AE42-56A0F6C90042}.Release|Any CPU.Build.0 = Release|Any CPU
	EndGlobalSection
	GlobalSection(SolutionProperties) = preSolution
		HideSolutionNode = FALSE
	EndGlobalSection
	GlobalSection(ExtensibilityGlobals) = postSolution
		SolutionGuid = {A5C87B37-CBBB-48E3-AFF4-F1D9CCBAA279}
	EndGlobalSection
EndGlobal
